// !$*UTF8*$!
{
	archiveVersion = 1;
	classes = {
	};
	objectVersion = 56;
	objects = {

/* Begin PBXBuildFile section */
		1F2353C029E7F90C00E3CC90 /* Assignment3App.swift in Sources */ = {isa = PBXBuildFile; fileRef = 1F2353BF29E7F90C00E3CC90 /* Assignment3App.swift */; };
		1F2353C229E7F90C00E3CC90 /* ContentView.swift in Sources */ = {isa = PBXBuildFile; fileRef = 1F2353C129E7F90C00E3CC90 /* ContentView.swift */; };
		1F2353C429E7F90D00E3CC90 /* Assets.xcassets in Resources */ = {isa = PBXBuildFile; fileRef = 1F2353C329E7F90D00E3CC90 /* Assets.xcassets */; };
		1F2353C729E7F90D00E3CC90 /* Preview Assets.xcassets in Resources */ = {isa = PBXBuildFile; fileRef = 1F2353C629E7F90D00E3CC90 /* Preview Assets.xcassets */; };
		1F2353CE29E7F9BB00E3CC90 /* AspectVGird.swift in Sources */ = {isa = PBXBuildFile; fileRef = 1F2353CD29E7F9BB00E3CC90 /* AspectVGird.swift */; };
		1F2353D029E7FF4000E3CC90 /* SetModel.swift in Sources */ = {isa = PBXBuildFile; fileRef = 1F2353CF29E7FF4000E3CC90 /* SetModel.swift */; };
		1F2353D229E7FF6500E3CC90 /* SetGameViewModel.swift in Sources */ = {isa = PBXBuildFile; fileRef = 1F2353D129E7FF6500E3CC90 /* SetGameViewModel.swift */; };
		1F2353D629E83EEF00E3CC90 /* Diamond.swift in Sources */ = {isa = PBXBuildFile; fileRef = 1F2353D529E83EEF00E3CC90 /* Diamond.swift */; };
		1F2353D829E83F2900E3CC90 /* Stripes.swift in Sources */ = {isa = PBXBuildFile; fileRef = 1F2353D729E83F2900E3CC90 /* Stripes.swift */; };
		1F2353DA29E83F6300E3CC90 /* Squiggle.swift in Sources */ = {isa = PBXBuildFile; fileRef = 1F2353D929E83F6300E3CC90 /* Squiggle.swift */; };
		1F2353DC29E9552900E3CC90 /* CardView.swift in Sources */ = {isa = PBXBuildFile; fileRef = 1F2353DB29E9552900E3CC90 /* CardView.swift */; };
		1F2353E029EA7E9200E3CC90 /* StripeView.swift in Sources */ = {isa = PBXBuildFile; fileRef = 1F2353DF29EA7E9200E3CC90 /* StripeView.swift */; };
/* End PBXBuildFile section */

/* Begin PBXFileReference section */
		1F2353BC29E7F90C00E3CC90 /* Assignment3.app */ = {isa = PBXFileReference; explicitFileType = wrapper.application; includeInIndex = 0; path = Assignment3.app; sourceTree = BUILT_PRODUCTS_DIR; };
		1F2353BF29E7F90C00E3CC90 /* Assignment3App.swift */ = {isa = PBXFileReference; lastKnownFileType = sourcecode.swift; path = Assignment3App.swift; sourceTree = "<group>"; };
		1F2353C129E7F90C00E3CC90 /* ContentView.swift */ = {isa = PBXFileReference; lastKnownFileType = sourcecode.swift; path = ContentView.swift; sourceTree = "<group>"; };
		1F2353C329E7F90D00E3CC90 /* Assets.xcassets */ = {isa = PBXFileReference; lastKnownFileType = folder.assetcatalog; path = Assets.xcassets; sourceTree = "<group>"; };
		1F2353C629E7F90D00E3CC90 /* Preview Assets.xcassets */ = {isa = PBXFileReference; lastKnownFileType = folder.assetcatalog; path = "Preview Assets.xcassets"; sourceTree = "<group>"; };
		1F2353CD29E7F9BB00E3CC90 /* AspectVGird.swift */ = {isa = PBXFileReference; lastKnownFileType = sourcecode.swift; path = AspectVGird.swift; sourceTree = "<group>"; };
		1F2353CF29E7FF4000E3CC90 /* SetModel.swift */ = {isa = PBXFileReference; lastKnownFileType = sourcecode.swift; path = SetModel.swift; sourceTree = "<group>"; };
		1F2353D129E7FF6500E3CC90 /* SetGameViewModel.swift */ = {isa = PBXFileReference; lastKnownFileType = sourcecode.swift; path = SetGameViewModel.swift; sourceTree = "<group>"; };
		1F2353D529E83EEF00E3CC90 /* Diamond.swift */ = {isa = PBXFileReference; lastKnownFileType = sourcecode.swift; path = Diamond.swift; sourceTree = "<group>"; };
		1F2353D729E83F2900E3CC90 /* Stripes.swift */ = {isa = PBXFileReference; lastKnownFileType = sourcecode.swift; path = Stripes.swift; sourceTree = "<group>"; };
		1F2353D929E83F6300E3CC90 /* Squiggle.swift */ = {isa = PBXFileReference; lastKnownFileType = sourcecode.swift; path = Squiggle.swift; sourceTree = "<group>"; };
		1F2353DB29E9552900E3CC90 /* CardView.swift */ = {isa = PBXFileReference; lastKnownFileType = sourcecode.swift; path = CardView.swift; sourceTree = "<group>"; };
		1F2353DF29EA7E9200E3CC90 /* StripeView.swift */ = {isa = PBXFileReference; lastKnownFileType = sourcecode.swift; path = StripeView.swift; sourceTree = "<group>"; };
/* End PBXFileReference section */

/* Begin PBXFrameworksBuildPhase section */
		1F2353B929E7F90C00E3CC90 /* Frameworks */ = {
			isa = PBXFrameworksBuildPhase;
			buildActionMask = 2147483647;
			files = (
			);
			runOnlyForDeploymentPostprocessing = 0;
		};
/* End PBXFrameworksBuildPhase section */

/* Begin PBXGroup section */
		1F2353B329E7F90C00E3CC90 = {
			isa = PBXGroup;
			children = (
				1F2353D729E83F2900E3CC90 /* Stripes.swift */,
				1F2353BE29E7F90C00E3CC90 /* Assignment3 */,
				1F2353BD29E7F90C00E3CC90 /* Products */,
			);
			sourceTree = "<group>";
		};
		1F2353BD29E7F90C00E3CC90 /* Products */ = {
			isa = PBXGroup;
			children = (
				1F2353BC29E7F90C00E3CC90 /* Assignment3.app */,
			);
			name = Products;
			sourceTree = "<group>";
		};
		1F2353BE29E7F90C00E3CC90 /* Assignment3 */ = {
			isa = PBXGroup;
			children = (
				1F2353BF29E7F90C00E3CC90 /* Assignment3App.swift */,
				1F2353C129E7F90C00E3CC90 /* ContentView.swift */,
				1F2353CD29E7F9BB00E3CC90 /* AspectVGird.swift */,
				1F2353CF29E7FF4000E3CC90 /* SetModel.swift */,
				1F2353DB29E9552900E3CC90 /* CardView.swift */,
				1F2353DF29EA7E9200E3CC90 /* StripeView.swift */,
				1F2353D929E83F6300E3CC90 /* Squiggle.swift */,
				1F2353D529E83EEF00E3CC90 /* Diamond.swift */,
				1F2353D129E7FF6500E3CC90 /* SetGameViewModel.swift */,
				1F2353C329E7F90D00E3CC90 /* Assets.xcassets */,
				1F2353C529E7F90D00E3CC90 /* Preview Content */,
			);
			path = Assignment3;
			sourceTree = "<group>";
		};
		1F2353C529E7F90D00E3CC90 /* Preview Content */ = {
			isa = PBXGroup;
			children = (
				1F2353C629E7F90D00E3CC90 /* Preview Assets.xcassets */,
			);
			path = "Preview Content";
			sourceTree = "<group>";
		};
/* End PBXGroup section */

/* Begin PBXNativeTarget section */
		1F2353BB29E7F90C00E3CC90 /* Assignment3 */ = {
			isa = PBXNativeTarget;
			buildConfigurationList = 1F2353CA29E7F90D00E3CC90 /* Build configuration list for PBXNativeTarget "Assignment3" */;
			buildPhases = (
				1F2353B829E7F90C00E3CC90 /* Sources */,
				1F2353B929E7F90C00E3CC90 /* Frameworks */,
				1F2353BA29E7F90C00E3CC90 /* Resources */,
			);
			buildRules = (
			);
			dependencies = (
			);
			name = Assignment3;
			productName = Assignment3;
			productReference = 1F2353BC29E7F90C00E3CC90 /* Assignment3.app */;
			productType = "com.apple.product-type.application";
		};
/* End PBXNativeTarget section */

/* Begin PBXProject section */
		1F2353B429E7F90C00E3CC90 /* Project object */ = {
			isa = PBXProject;
			attributes = {
				BuildIndependentTargetsInParallel = 1;
				LastSwiftUpdateCheck = 1430;
				LastUpgradeCheck = 1430;
				TargetAttributes = {
					1F2353BB29E7F90C00E3CC90 = {
						CreatedOnToolsVersion = 14.3;
					};
				};
			};
			buildConfigurationList = 1F2353B729E7F90C00E3CC90 /* Build configuration list for PBXProject "Assignment3" */;
			compatibilityVersion = "Xcode 14.0";
			developmentRegion = en;
			hasScannedForEncodings = 0;
			knownRegions = (
				en,
				Base,
			);
			mainGroup = 1F2353B329E7F90C00E3CC90;
			productRefGroup = 1F2353BD29E7F90C00E3CC90 /* Products */;
			projectDirPath = "";
			projectRoot = "";
			targets = (
				1F2353BB29E7F90C00E3CC90 /* Assignment3 */,
			);
		};
/* End PBXProject section */

/* Begin PBXResourcesBuildPhase section */
		1F2353BA29E7F90C00E3CC90 /* Resources */ = {
			isa = PBXResourcesBuildPhase;
			buildActionMask = 2147483647;
			files = (
				1F2353C729E7F90D00E3CC90 /* Preview Assets.xcassets in Resources */,
				1F2353C429E7F90D00E3CC90 /* Assets.xcassets in Resources */,
			);
			runOnlyForDeploymentPostprocessing = 0;
		};
/* End PBXResourcesBuildPhase section */

/* Begin PBXSourcesBuildPhase section */
		1F2353B829E7F90C00E3CC90 /* Sources */ = {
			isa = PBXSourcesBuildPhase;
			buildActionMask = 2147483647;
			files = (
				1F2353D629E83EEF00E3CC90 /* Diamond.swift in Sources */,
				1F2353DC29E9552900E3CC90 /* CardView.swift in Sources */,
				1F2353D829E83F2900E3CC90 /* Stripes.swift in Sources */,
				1F2353DA29E83F6300E3CC90 /* Squiggle.swift in Sources */,
				1F2353C229E7F90C00E3CC90 /* ContentView.swift in Sources */,
				1F2353CE29E7F9BB00E3CC90 /* AspectVGird.swift in Sources */,
				1F2353D029E7FF4000E3CC90 /* SetModel.swift in Sources */,
				1F2353C029E7F90C00E3CC90 /* Assignment3App.swift in Sources */,
				1F2353D229E7FF6500E3CC90 /* SetGameViewModel.swift in Sources */,
				1F2353E029EA7E9200E3CC90 /* StripeView.swift in Sources */,
			);
			runOnlyForDeploymentPostprocessing = 0;
		};
/* End PBXSourcesBuildPhase section */

/* Begin XCBuildConfiguration section */
		1F2353C829E7F90D00E3CC90 /* Debug */ = {
			isa = XCBuildConfiguration;
			buildSettings = {
				ALWAYS_SEARCH_USER_PATHS = NO;
				CLANG_ANALYZER_NONNULL = YES;
				CLANG_ANALYZER_NUMBER_OBJECT_CONVERSION = YES_AGGRESSIVE;
				CLANG_CXX_LANGUAGE_STANDARD = "gnu++20";
				CLANG_ENABLE_MODULES = YES;
				CLANG_ENABLE_OBJC_ARC = YES;
				CLANG_ENABLE_OBJC_WEAK = YES;
				CLANG_WARN_BLOCK_CAPTURE_AUTORELEASING = YES;
				CLANG_WARN_BOOL_CONVERSION = YES;
				CLANG_WARN_COMMA = YES;
				CLANG_WARN_CONSTANT_CONVERSION = YES;
				CLANG_WARN_DEPRECATED_OBJC_IMPLEMENTATIONS = YES;
				CLANG_WARN_DIRECT_OBJC_ISA_USAGE = YES_ERROR;
				CLANG_WARN_DOCUMENTATION_COMMENTS = YES;
				CLANG_WARN_EMPTY_BODY = YES;
				CLANG_WARN_ENUM_CONVERSION = YES;
				CLANG_WARN_INFINITE_RECURSION = YES;
				CLANG_WARN_INT_CONVERSION = YES;
				CLANG_WARN_NON_LITERAL_NULL_CONVERSION = YES;
				CLANG_WARN_OBJC_IMPLICIT_RETAIN_SELF = YES;
				CLANG_WARN_OBJC_LITERAL_CONVERSION = YES;
				CLANG_WARN_OBJC_ROOT_CLASS = YES_ERROR;
				CLANG_WARN_QUOTED_INCLUDE_IN_FRAMEWORK_HEADER = YES;
				CLANG_WARN_RANGE_LOOP_ANALYSIS = YES;
				CLANG_WARN_STRICT_PROTOTYPES = YES;
				CLANG_WARN_SUSPICIOUS_MOVE = YES;
				CLANG_WARN_UNGUARDED_AVAILABILITY = YES_AGGRESSIVE;
				CLANG_WARN_UNREACHABLE_CODE = YES;
				CLANG_WARN__DUPLICATE_METHOD_MATCH = YES;
				COPY_PHASE_STRIP = NO;
				DEBUG_INFORMATION_FORMAT = dwarf;
				ENABLE_STRICT_OBJC_MSGSEND = YES;
				ENABLE_TESTABILITY = YES;
				GCC_C_LANGUAGE_STANDARD = gnu11;
				GCC_DYNAMIC_NO_PIC = NO;
				GCC_NO_COMMON_BLOCKS = YES;
				GCC_OPTIMIZATION_LEVEL = 0;
				GCC_PREPROCESSOR_DEFINITIONS = (
					"DEBUG=1",
					"$(inherited)",
				);
				GCC_WARN_64_TO_32_BIT_CONVERSION = YES;
				GCC_WARN_ABOUT_RETURN_TYPE = YES_ERROR;
				GCC_WARN_UNDECLARED_SELECTOR = YES;
				GCC_WARN_UNINITIALIZED_AUTOS = YES_AGGRESSIVE;
				GCC_WARN_UNUSED_FUNCTION = YES;
				GCC_WARN_UNUSED_VARIABLE = YES;
				IPHONEOS_DEPLOYMENT_TARGET = 16.4;
				MTL_ENABLE_DEBUG_INFO = INCLUDE_SOURCE;
				MTL_FAST_MATH = YES;
				ONLY_ACTIVE_ARCH = YES;
				SDKROOT = iphoneos;
				SWIFT_ACTIVE_COMPILATION_CONDITIONS = DEBUG;
				SWIFT_OPTIMIZATION_LEVEL = "-Onone";
			};
			name = Debug;
		};
		1F2353C929E7F90D00E3CC90 /* Release */ = {
			isa = XCBuildConfiguration;
			buildSettings = {
				ALWAYS_SEARCH_USER_PATHS = NO;
				CLANG_ANALYZER_NONNULL = YES;
				CLANG_ANALYZER_NUMBER_OBJECT_CONVERSION = YES_AGGRESSIVE;
				CLANG_CXX_LANGUAGE_STANDARD = "gnu++20";
				CLANG_ENABLE_MODULES = YES;
				CLANG_ENABLE_OBJC_ARC = YES;
				CLANG_ENABLE_OBJC_WEAK = YES;
				CLANG_WARN_BLOCK_CAPTURE_AUTORELEASING = YES;
				CLANG_WARN_BOOL_CONVERSION = YES;
				CLANG_WARN_COMMA = YES;
				CLANG_WARN_CONSTANT_CONVERSION = YES;
				CLANG_WARN_DEPRECATED_OBJC_IMPLEMENTATIONS = YES;
				CLANG_WARN_DIRECT_OBJC_ISA_USAGE = YES_ERROR;
				CLANG_WARN_DOCUMENTATION_COMMENTS = YES;
				CLANG_WARN_EMPTY_BODY = YES;
				CLANG_WARN_ENUM_CONVERSION = YES;
				CLANG_WARN_INFINITE_RECURSION = YES;
				CLANG_WARN_INT_CONVERSION = YES;
				CLANG_WARN_NON_LITERAL_NULL_CONVERSION = YES;
				CLANG_WARN_OBJC_IMPLICIT_RETAIN_SELF = YES;
				CLANG_WARN_OBJC_LITERAL_CONVERSION = YES;
				CLANG_WARN_OBJC_ROOT_CLASS = YES_ERROR;
				CLANG_WARN_QUOTED_INCLUDE_IN_FRAMEWORK_HEADER = YES;
				CLANG_WARN_RANGE_LOOP_ANALYSIS = YES;
				CLANG_WARN_STRICT_PROTOTYPES = YES;
				CLANG_WARN_SUSPICIOUS_MOVE = YES;
				CLANG_WARN_UNGUARDED_AVAILABILITY = YES_AGGRESSIVE;
				CLANG_WARN_UNREACHABLE_CODE = YES;
				CLANG_WARN__DUPLICATE_METHOD_MATCH = YES;
				COPY_PHASE_STRIP = NO;
				DEBUG_INFORMATION_FORMAT = "dwarf-with-dsym";
				ENABLE_NS_ASSERTIONS = NO;
				ENABLE_STRICT_OBJC_MSGSEND = YES;
				GCC_C_LANGUAGE_STANDARD = gnu11;
				GCC_NO_COMMON_BLOCKS = YES;
				GCC_WARN_64_TO_32_BIT_CONVERSION = YES;
				GCC_WARN_ABOUT_RETURN_TYPE = YES_ERROR;
				GCC_WARN_UNDECLARED_SELECTOR = YES;
				GCC_WARN_UNINITIALIZED_AUTOS = YES_AGGRESSIVE;
				GCC_WARN_UNUSED_FUNCTION = YES;
				GCC_WARN_UNUSED_VARIABLE = YES;
				IPHONEOS_DEPLOYMENT_TARGET = 16.4;
				MTL_ENABLE_DEBUG_INFO = NO;
				MTL_FAST_MATH = YES;
				SDKROOT = iphoneos;
				SWIFT_COMPILATION_MODE = wholemodule;
				SWIFT_OPTIMIZATION_LEVEL = "-O";
				VALIDATE_PRODUCT = YES;
			};
			name = Release;
		};
		1F2353CB29E7F90D00E3CC90 /* Debug */ = {
			isa = XCBuildConfiguration;
			buildSettings = {
				ASSETCATALOG_COMPILER_APPICON_NAME = AppIcon;
				ASSETCATALOG_COMPILER_GLOBAL_ACCENT_COLOR_NAME = AccentColor;
				CODE_SIGN_STYLE = Automatic;
				CURRENT_PROJECT_VERSION = 1;
				DEVELOPMENT_ASSET_PATHS = "\"Assignment3/Preview Content\"";
				ENABLE_PREVIEWS = YES;
				GENERATE_INFOPLIST_FILE = YES;
				INFOPLIST_KEY_UIApplicationSceneManifest_Generation = YES;
				INFOPLIST_KEY_UIApplicationSupportsIndirectInputEvents = YES;
				INFOPLIST_KEY_UILaunchScreen_Generation = YES;
				INFOPLIST_KEY_UISupportedInterfaceOrientations_iPad = "UIInterfaceOrientationPortrait UIInterfaceOrientationPortraitUpsideDown UIInterfaceOrientationLandscapeLeft UIInterfaceOrientationLandscapeRight";
				INFOPLIST_KEY_UISupportedInterfaceOrientations_iPhone = "UIInterfaceOrientationPortrait UIInterfaceOrientationLandscapeLeft UIInterfaceOrientationLandscapeRight";
				LD_RUNPATH_SEARCH_PATHS = (
					"$(inherited)",
					"@executable_path/Frameworks",
				);
				MARKETING_VERSION = 1.0;
				PRODUCT_BUNDLE_IDENTIFIER = "Ryan-Learn.Assignment3";
				PRODUCT_NAME = "$(TARGET_NAME)";
				SWIFT_EMIT_LOC_STRINGS = YES;
				SWIFT_VERSION = 5.0;
				TARGETED_DEVICE_FAMILY = "1,2";
			};
			name = Debug;
		};
		1F2353CC29E7F90D00E3CC90 /* Release */ = {
			isa = XCBuildConfiguration;
			buildSettings = {
				ASSETCATALOG_COMPILER_APPICON_NAME = AppIcon;
				ASSETCATALOG_COMPILER_GLOBAL_ACCENT_COLOR_NAME = AccentColor;
				CODE_SIGN_STYLE = Automatic;
				CURRENT_PROJECT_VERSION = 1;
				DEVELOPMENT_ASSET_PATHS = "\"Assignment3/Preview Content\"";
				ENABLE_PREVIEWS = YES;
				GENERATE_INFOPLIST_FILE = YES;
				INFOPLIST_KEY_UIApplicationSceneManifest_Generation = YES;
				INFOPLIST_KEY_UIApplicationSupportsIndirectInputEvents = YES;
				INFOPLIST_KEY_UILaunchScreen_Generation = YES;
				INFOPLIST_KEY_UISupportedInterfaceOrientations_iPad = "UIInterfaceOrientationPortrait UIInterfaceOrientationPortraitUpsideDown UIInterfaceOrientationLandscapeLeft UIInterfaceOrientationLandscapeRight";
				INFOPLIST_KEY_UISupportedInterfaceOrientations_iPhone = "UIInterfaceOrientationPortrait UIInterfaceOrientationLandscapeLeft UIInterfaceOrientationLandscapeRight";
				LD_RUNPATH_SEARCH_PATHS = (
					"$(inherited)",
					"@executable_path/Frameworks",
				);
				MARKETING_VERSION = 1.0;
				PRODUCT_BUNDLE_IDENTIFIER = "Ryan-Learn.Assignment3";
				PRODUCT_NAME = "$(TARGET_NAME)";
				SWIFT_EMIT_LOC_STRINGS = YES;
				SWIFT_VERSION = 5.0;
				TARGETED_DEVICE_FAMILY = "1,2";
			};
			name = Release;
		};
/* End XCBuildConfiguration section */

/* Begin XCConfigurationList section */
		1F2353B729E7F90C00E3CC90 /* Build configuration list for PBXProject "Assignment3" */ = {
			isa = XCConfigurationList;
			buildConfigurations = (
				1F2353C829E7F90D00E3CC90 /* Debug */,
				1F2353C929E7F90D00E3CC90 /* Release */,
			);
			defaultConfigurationIsVisible = 0;
			defaultConfigurationName = Release;
		};
		1F2353CA29E7F90D00E3CC90 /* Build configuration list for PBXNativeTarget "Assignment3" */ = {
			isa = XCConfigurationList;
			buildConfigurations = (
				1F2353CB29E7F90D00E3CC90 /* Debug */,
				1F2353CC29E7F90D00E3CC90 /* Release */,
			);
			defaultConfigurationIsVisible = 0;
			defaultConfigurationName = Release;
		};
/* End XCConfigurationList section */
	};
	rootObject = 1F2353B429E7F90C00E3CC90 /* Project object */;
}
